
Microsoft Visual Studio Solution File, Format Version 12.00
# Visual Studio Version 17
VisualStudioVersion = 17.7.34221.43
MinimumVisualStudioVersion = 10.0.40219.1
Project("{FAE04EC0-301F-11D3-BF4B-00C04F79EFBC}") = "Task2", "Task2.csproj", "{CA78E1CD-EF3E-4315-A56C-78954BA22DE2}"
EndProject
Global
	GlobalSection(SolutionConfigurationPlatforms) = preSolution
		Debug|Any CPU = Debug|Any CPU
		Release|Any CPU = Release|Any CPU
	EndGlobalSection
	GlobalSection(ProjectConfigurationPlatforms) = postSolution
		{CA78E1CD-EF3E-4315-A56C-78954BA22DE2}.Debug|Any CPU.ActiveCfg = Debug|Any CPU
		{CA78E1CD-EF3E-4315-A56C-78954BA22DE2}.Debug|Any CPU.Build.0 = Debug|Any CPU
		{CA78E1CD-EF3E-4315-A56C-78954BA22DE2}.Release|Any CPU.ActiveCfg = Release|Any CPU
		{CA78E1CD-EF3E-4315-A56C-78954BA22DE2}.Release|Any CPU.Build.0 = Release|Any CPU
	EndGlobalSection
	GlobalSection(SolutionProperties) = preSolution
		HideSolutionNode = FALSE
	EndGlobalSection
	GlobalSection(ExtensibilityGlobals) = postSolution
		SolutionGuid = {F4ACFF3C-E069-4CA7-BD95-09231A5FBD43}
	EndGlobalSection
EndGlobal
